
Microsoft Visual Studio Solution File, Format Version 12.00
Project("{FAE04EC0-301F-11D3-BF4B-00C04F79EFBC}") = "Contas.Api", "Contas.Api\Contas.Api.csproj", "{9D5807AA-8FF7-458D-A3B9-079563A2FD58}"
EndProject
Project("{FAE04EC0-301F-11D3-BF4B-00C04F79EFBC}") = "Contas.Application", "Contas.Application\Contas.Application.csproj", "{D1F42E35-B51C-4272-9884-F1C6D15897A7}"
EndProject
Project("{FAE04EC0-301F-11D3-BF4B-00C04F79EFBC}") = "Contas.Domain", "Contas.Domain\Contas.Domain.csproj", "{33FFD887-FF72-4ACC-B76B-8F4A371B0A05}"
EndProject
Project("{FAE04EC0-301F-11D3-BF4B-00C04F79EFBC}") = "Contas.Data", "Contas.Data\Contas.Data.csproj", "{4F1F5C96-67E1-4CFA-8EF1-6E9752144EF7}"
EndProject
Project("{FAE04EC0-301F-11D3-BF4B-00C04F79EFBC}") = "Contas.IoC", "Contas.IoC\Contas.IoC.csproj", "{B9A5D865-66C7-4F33-846D-0FF4B77B8E14}"
EndProject
Project("{2150E333-8FDC-42A3-9474-1A3956D46DE8}") = "Src", "Src", "{D6CC1EE2-D040-4D65-A6C7-2F3269DF2052}"
EndProject
Project("{2150E333-8FDC-42A3-9474-1A3956D46DE8}") = "Tests", "Tests", "{E24B208D-8161-409E-B280-4F54752E443E}"
EndProject
Project("{FAE04EC0-301F-11D3-BF4B-00C04F79EFBC}") = "Contas.Tests", "Contas.Tests\Contas.Tests.csproj", "{B9EF9A78-407E-4014-81AA-23EAC7E822A3}"
EndProject
Project("{FAE04EC0-301F-11D3-BF4B-00C04F79EFBC}") = "Contas.Common", "Contas.Common\Contas.Common.csproj", "{48FCECA6-0C24-4A80-8DBF-0926B8D51A08}"
EndProject
Global
	GlobalSection(SolutionConfigurationPlatforms) = preSolution
		Debug|Any CPU = Debug|Any CPU
		Release|Any CPU = Release|Any CPU
	EndGlobalSection
	GlobalSection(ProjectConfigurationPlatforms) = postSolution
		{9D5807AA-8FF7-458D-A3B9-079563A2FD58}.Debug|Any CPU.ActiveCfg = Debug|Any CPU
		{9D5807AA-8FF7-458D-A3B9-079563A2FD58}.Debug|Any CPU.Build.0 = Debug|Any CPU
		{9D5807AA-8FF7-458D-A3B9-079563A2FD58}.Release|Any CPU.ActiveCfg = Release|Any CPU
		{9D5807AA-8FF7-458D-A3B9-079563A2FD58}.Release|Any CPU.Build.0 = Release|Any CPU
		{D1F42E35-B51C-4272-9884-F1C6D15897A7}.Debug|Any CPU.ActiveCfg = Debug|Any CPU
		{D1F42E35-B51C-4272-9884-F1C6D15897A7}.Debug|Any CPU.Build.0 = Debug|Any CPU
		{D1F42E35-B51C-4272-9884-F1C6D15897A7}.Release|Any CPU.ActiveCfg = Release|Any CPU
		{D1F42E35-B51C-4272-9884-F1C6D15897A7}.Release|Any CPU.Build.0 = Release|Any CPU
		{33FFD887-FF72-4ACC-B76B-8F4A371B0A05}.Debug|Any CPU.ActiveCfg = Debug|Any CPU
		{33FFD887-FF72-4ACC-B76B-8F4A371B0A05}.Debug|Any CPU.Build.0 = Debug|Any CPU
		{33FFD887-FF72-4ACC-B76B-8F4A371B0A05}.Release|Any CPU.ActiveCfg = Release|Any CPU
		{33FFD887-FF72-4ACC-B76B-8F4A371B0A05}.Release|Any CPU.Build.0 = Release|Any CPU
		{4F1F5C96-67E1-4CFA-8EF1-6E9752144EF7}.Debug|Any CPU.ActiveCfg = Debug|Any CPU
		{4F1F5C96-67E1-4CFA-8EF1-6E9752144EF7}.Debug|Any CPU.Build.0 = Debug|Any CPU
		{4F1F5C96-67E1-4CFA-8EF1-6E9752144EF7}.Release|Any CPU.ActiveCfg = Release|Any CPU
		{4F1F5C96-67E1-4CFA-8EF1-6E9752144EF7}.Release|Any CPU.Build.0 = Release|Any CPU
		{B9A5D865-66C7-4F33-846D-0FF4B77B8E14}.Debug|Any CPU.ActiveCfg = Debug|Any CPU
		{B9A5D865-66C7-4F33-846D-0FF4B77B8E14}.Debug|Any CPU.Build.0 = Debug|Any CPU
		{B9A5D865-66C7-4F33-846D-0FF4B77B8E14}.Release|Any CPU.ActiveCfg = Release|Any CPU
		{B9A5D865-66C7-4F33-846D-0FF4B77B8E14}.Release|Any CPU.Build.0 = Release|Any CPU
		{B9EF9A78-407E-4014-81AA-23EAC7E822A3}.Debug|Any CPU.ActiveCfg = Debug|Any CPU
		{B9EF9A78-407E-4014-81AA-23EAC7E822A3}.Debug|Any CPU.Build.0 = Debug|Any CPU
		{B9EF9A78-407E-4014-81AA-23EAC7E822A3}.Release|Any CPU.ActiveCfg = Release|Any CPU
		{B9EF9A78-407E-4014-81AA-23EAC7E822A3}.Release|Any CPU.Build.0 = Release|Any CPU
		{48FCECA6-0C24-4A80-8DBF-0926B8D51A08}.Debug|Any CPU.ActiveCfg = Debug|Any CPU
		{48FCECA6-0C24-4A80-8DBF-0926B8D51A08}.Debug|Any CPU.Build.0 = Debug|Any CPU
		{48FCECA6-0C24-4A80-8DBF-0926B8D51A08}.Release|Any CPU.ActiveCfg = Release|Any CPU
		{48FCECA6-0C24-4A80-8DBF-0926B8D51A08}.Release|Any CPU.Build.0 = Release|Any CPU
	EndGlobalSection
	GlobalSection(NestedProjects) = preSolution
		{9D5807AA-8FF7-458D-A3B9-079563A2FD58} = {D6CC1EE2-D040-4D65-A6C7-2F3269DF2052}
		{D1F42E35-B51C-4272-9884-F1C6D15897A7} = {D6CC1EE2-D040-4D65-A6C7-2F3269DF2052}
		{4F1F5C96-67E1-4CFA-8EF1-6E9752144EF7} = {D6CC1EE2-D040-4D65-A6C7-2F3269DF2052}
		{33FFD887-FF72-4ACC-B76B-8F4A371B0A05} = {D6CC1EE2-D040-4D65-A6C7-2F3269DF2052}
		{B9A5D865-66C7-4F33-846D-0FF4B77B8E14} = {D6CC1EE2-D040-4D65-A6C7-2F3269DF2052}
		{B9EF9A78-407E-4014-81AA-23EAC7E822A3} = {E24B208D-8161-409E-B280-4F54752E443E}
		{48FCECA6-0C24-4A80-8DBF-0926B8D51A08} = {D6CC1EE2-D040-4D65-A6C7-2F3269DF2052}
	EndGlobalSection
EndGlobal
